// !$*UTF8*$!
{
	archiveVersion = 1;
	classes = {
	};
	objectVersion = 50;
	objects = {

/* Begin PBXBuildFile section */
		AD8DCD3D26D00F8600A72985 /* National_ParksApp.swift in Sources */ = {isa = PBXBuildFile; fileRef = AD8DCD3C26D00F8600A72985 /* National_ParksApp.swift */; };
		AD8DCD3F26D00F8600A72985 /* ContentView.swift in Sources */ = {isa = PBXBuildFile; fileRef = AD8DCD3E26D00F8600A72985 /* ContentView.swift */; };
		AD8DCD4126D00F8700A72985 /* Assets.xcassets in Resources */ = {isa = PBXBuildFile; fileRef = AD8DCD4026D00F8700A72985 /* Assets.xcassets */; };
		AD8DCD4426D00F8700A72985 /* Preview Assets.xcassets in Resources */ = {isa = PBXBuildFile; fileRef = AD8DCD4326D00F8700A72985 /* Preview Assets.xcassets */; };
		AD8DCD4C26D011F100A72985 /* Parks_Info.swift in Sources */ = {isa = PBXBuildFile; fileRef = AD8DCD4B26D011F100A72985 /* Parks_Info.swift */; };
		AD8DCD4E26D03BD500A72985 /* ParkName.swift in Sources */ = {isa = PBXBuildFile; fileRef = AD8DCD4D26D03BD500A72985 /* ParkName.swift */; };
/* End PBXBuildFile section */

/* Begin PBXFileReference section */
		AD8DCD3926D00F8600A72985 /* National Parks.app */ = {isa = PBXFileReference; explicitFileType = wrapper.application; includeInIndex = 0; path = "National Parks.app"; sourceTree = BUILT_PRODUCTS_DIR; };
		AD8DCD3C26D00F8600A72985 /* National_ParksApp.swift */ = {isa = PBXFileReference; lastKnownFileType = sourcecode.swift; path = National_ParksApp.swift; sourceTree = "<group>"; };
		AD8DCD3E26D00F8600A72985 /* ContentView.swift */ = {isa = PBXFileReference; lastKnownFileType = sourcecode.swift; path = ContentView.swift; sourceTree = "<group>"; };
		AD8DCD4026D00F8700A72985 /* Assets.xcassets */ = {isa = PBXFileReference; lastKnownFileType = folder.assetcatalog; path = Assets.xcassets; sourceTree = "<group>"; };
		AD8DCD4326D00F8700A72985 /* Preview Assets.xcassets */ = {isa = PBXFileReference; lastKnownFileType = folder.assetcatalog; path = "Preview Assets.xcassets"; sourceTree = "<group>"; };
		AD8DCD4526D00F8700A72985 /* Info.plist */ = {isa = PBXFileReference; lastKnownFileType = text.plist.xml; path = Info.plist; sourceTree = "<group>"; };
		AD8DCD4B26D011F100A72985 /* Parks_Info.swift */ = {isa = PBXFileReference; lastKnownFileType = sourcecode.swift; path = Parks_Info.swift; sourceTree = "<group>"; };
		AD8DCD4D26D03BD500A72985 /* ParkName.swift */ = {isa = PBXFileReference; lastKnownFileType = sourcecode.swift; path = ParkName.swift; sourceTree = "<group>"; };
/* End PBXFileReference section */

/* Begin PBXFrameworksBuildPhase section */
		AD8DCD3626D00F8600A72985 /* Frameworks */ = {
			isa = PBXFrameworksBuildPhase;
			buildActionMask = 2147483647;
			files = (
			);
			runOnlyForDeploymentPostprocessing = 0;
		};
/* End PBXFrameworksBuildPhase section */

/* Begin PBXGroup section */
		AD8DCD3026D00F8600A72985 = {
			isa = PBXGroup;
			children = (
				AD8DCD3B26D00F8600A72985 /* National Parks */,
				AD8DCD3A26D00F8600A72985 /* Products */,
			);
			sourceTree = "<group>";
		};
		AD8DCD3A26D00F8600A72985 /* Products */ = {
			isa = PBXGroup;
			children = (
				AD8DCD3926D00F8600A72985 /* National Parks.app */,
			);
			name = Products;
			sourceTree = "<group>";
		};
		AD8DCD3B26D00F8600A72985 /* National Parks */ = {
			isa = PBXGroup;
			children = (
				AD8DCD3C26D00F8600A72985 /* National_ParksApp.swift */,
				AD8DCD3E26D00F8600A72985 /* ContentView.swift */,
				AD8DCD4B26D011F100A72985 /* Parks_Info.swift */,
				AD8DCD4D26D03BD500A72985 /* ParkName.swift */,
				AD8DCD4026D00F8700A72985 /* Assets.xcassets */,
				AD8DCD4526D00F8700A72985 /* Info.plist */,
				AD8DCD4226D00F8700A72985 /* Preview Content */,
			);
			path = "National Parks";
			sourceTree = "<group>";
		};
		AD8DCD4226D00F8700A72985 /* Preview Content */ = {
			isa = PBXGroup;
			children = (
				AD8DCD4326D00F8700A72985 /* Preview Assets.xcassets */,
			);
			path = "Preview Content";
			sourceTree = "<group>";
		};
/* End PBXGroup section */

/* Begin PBXNativeTarget section */
		AD8DCD3826D00F8600A72985 /* National Parks */ = {
			isa = PBXNativeTarget;
			buildConfigurationList = AD8DCD4826D00F8700A72985 /* Build configuration list for PBXNativeTarget "National Parks" */;
			buildPhases = (
				AD8DCD3526D00F8600A72985 /* Sources */,
				AD8DCD3626D00F8600A72985 /* Frameworks */,
				AD8DCD3726D00F8600A72985 /* Resources */,
			);
			buildRules = (
			);
			dependencies = (
			);
			name = "National Parks";
			productName = "National Parks";
			productReference = AD8DCD3926D00F8600A72985 /* National Parks.app */;
			productType = "com.apple.product-type.application";
		};
/* End PBXNativeTarget section */

/* Begin PBXProject section */
		AD8DCD3126D00F8600A72985 /* Project object */ = {
			isa = PBXProject;
			attributes = {
				LastSwiftUpdateCheck = 1250;
				LastUpgradeCheck = 1250;
				TargetAttributes = {
					AD8DCD3826D00F8600A72985 = {
						CreatedOnToolsVersion = 12.5.1;
					};
				};
			};
			buildConfigurationList = AD8DCD3426D00F8600A72985 /* Build configuration list for PBXProject "National Parks" */;
			compatibilityVersion = "Xcode 9.3";
			developmentRegion = en;
			hasScannedForEncodings = 0;
			knownRegions = (
				en,
				Base,
			);
			mainGroup = AD8DCD3026D00F8600A72985;
			productRefGroup = AD8DCD3A26D00F8600A72985 /* Products */;
			projectDirPath = "";
			projectRoot = "";
			targets = (
				AD8DCD3826D00F8600A72985 /* National Parks */,
			);
		};
/* End PBXProject section */

/* Begin PBXResourcesBuildPhase section */
		AD8DCD3726D00F8600A72985 /* Resources */ = {
			isa = PBXResourcesBuildPhase;
			buildActionMask = 2147483647;
			files = (
				AD8DCD4426D00F8700A72985 /* Preview Assets.xcassets in Resources */,
				AD8DCD4126D00F8700A72985 /* Assets.xcassets in Resources */,
			);
			runOnlyForDeploymentPostprocessing = 0;
		};
/* End PBXResourcesBuildPhase section */

/* Begin PBXSourcesBuildPhase section */
		AD8DCD3526D00F8600A72985 /* Sources */ = {
			isa = PBXSourcesBuildPhase;
			buildActionMask = 2147483647;
			files = (
				AD8DCD4E26D03BD500A72985 /* ParkName.swift in Sources */,
				AD8DCD3F26D00F8600A72985 /* ContentView.swift in Sources */,
				AD8DCD3D26D00F8600A72985 /* National_ParksApp.swift in Sources */,
				AD8DCD4C26D011F100A72985 /* Parks_Info.swift in Sources */,
			);
			runOnlyForDeploymentPostprocessing = 0;
		};
/* End PBXSourcesBuildPhase section */

/* Begin XCBuildConfiguration section */
		AD8DCD4626D00F8700A72985 /* Debug */ = {
			isa = XCBuildConfiguration;
			buildSettings = {
				ALWAYS_SEARCH_USER_PATHS = NO;
				CLANG_ANALYZER_NONNULL = YES;
				CLANG_ANALYZER_NUMBER_OBJECT_CONVERSION = YES_AGGRESSIVE;
				CLANG_CXX_LANGUAGE_STANDARD = "gnu++14";
				CLANG_CXX_LIBRARY = "libc++";
				CLANG_ENABLE_MODULES = YES;
				CLANG_ENABLE_OBJC_ARC = YES;
				CLANG_ENABLE_OBJC_WEAK = YES;
				CLANG_WARN_BLOCK_CAPTURE_AUTORELEASING = YES;
				CLANG_WARN_BOOL_CONVERSION = YES;
				CLANG_WARN_COMMA = YES;
				CLANG_WARN_CONSTANT_CONVERSION = YES;
				CLANG_WARN_DEPRECATED_OBJC_IMPLEMENTATIONS = YES;
				CLANG_WARN_DIRECT_OBJC_ISA_USAGE = YES_ERROR;
				CLANG_WARN_DOCUMENTATION_COMMENTS = YES;
				CLANG_WARN_EMPTY_BODY = YES;
				CLANG_WARN_ENUM_CONVERSION = YES;
				CLANG_WARN_INFINITE_RECURSION = YES;
				CLANG_WARN_INT_CONVERSION = YES;
				CLANG_WARN_NON_LITERAL_NULL_CONVERSION = YES;
				CLANG_WARN_OBJC_IMPLICIT_RETAIN_SELF = YES;
				CLANG_WARN_OBJC_LITERAL_CONVERSION = YES;
				CLANG_WARN_OBJC_ROOT_CLASS = YES_ERROR;
				CLANG_WARN_QUOTED_INCLUDE_IN_FRAMEWORK_HEADER = YES;
				CLANG_WARN_RANGE_LOOP_ANALYSIS = YES;
				CLANG_WARN_STRICT_PROTOTYPES = YES;
				CLANG_WARN_SUSPICIOUS_MOVE = YES;
				CLANG_WARN_UNGUARDED_AVAILABILITY = YES_AGGRESSIVE;
				CLANG_WARN_UNREACHABLE_CODE = YES;
				CLANG_WARN__DUPLICATE_METHOD_MATCH = YES;
				COPY_PHASE_STRIP = NO;
				DEBUG_INFORMATION_FORMAT = dwarf;
				ENABLE_STRICT_OBJC_MSGSEND = YES;
				ENABLE_TESTABILITY = YES;
				GCC_C_LANGUAGE_STANDARD = gnu11;
				GCC_DYNAMIC_NO_PIC = NO;
				GCC_NO_COMMON_BLOCKS = YES;
				GCC_OPTIMIZATION_LEVEL = 0;
				GCC_PREPROCESSOR_DEFINITIONS = (
					"DEBUG=1",
					"$(inherited)",
				);
				GCC_WARN_64_TO_32_BIT_CONVERSION = YES;
				GCC_WARN_ABOUT_RETURN_TYPE = YES_ERROR;
				GCC_WARN_UNDECLARED_SELECTOR = YES;
				GCC_WARN_UNINITIALIZED_AUTOS = YES_AGGRESSIVE;
				GCC_WARN_UNUSED_FUNCTION = YES;
				GCC_WARN_UNUSED_VARIABLE = YES;
				IPHONEOS_DEPLOYMENT_TARGET = 14.5;
				MTL_ENABLE_DEBUG_INFO = INCLUDE_SOURCE;
				MTL_FAST_MATH = YES;
				ONLY_ACTIVE_ARCH = YES;
				SDKROOT = iphoneos;
				SWIFT_ACTIVE_COMPILATION_CONDITIONS = DEBUG;
				SWIFT_OPTIMIZATION_LEVEL = "-Onone";
			};
			name = Debug;
		};
		AD8DCD4726D00F8700A72985 /* Release */ = {
			isa = XCBuildConfiguration;
			buildSettings = {
				ALWAYS_SEARCH_USER_PATHS = NO;
				CLANG_ANALYZER_NONNULL = YES;
				CLANG_ANALYZER_NUMBER_OBJECT_CONVERSION = YES_AGGRESSIVE;
				CLANG_CXX_LANGUAGE_STANDARD = "gnu++14";
				CLANG_CXX_LIBRARY = "libc++";
				CLANG_ENABLE_MODULES = YES;
				CLANG_ENABLE_OBJC_ARC = YES;
				CLANG_ENABLE_OBJC_WEAK = YES;
				CLANG_WARN_BLOCK_CAPTURE_AUTORELEASING = YES;
				CLANG_WARN_BOOL_CONVERSION = YES;
				CLANG_WARN_COMMA = YES;
				CLANG_WARN_CONSTANT_CONVERSION = YES;
				CLANG_WARN_DEPRECATED_OBJC_IMPLEMENTATIONS = YES;
				CLANG_WARN_DIRECT_OBJC_ISA_USAGE = YES_ERROR;
				CLANG_WARN_DOCUMENTATION_COMMENTS = YES;
				CLANG_WARN_EMPTY_BODY = YES;
				CLANG_WARN_ENUM_CONVERSION = YES;
				CLANG_WARN_INFINITE_RECURSION = YES;
				CLANG_WARN_INT_CONVERSION = YES;
				CLANG_WARN_NON_LITERAL_NULL_CONVERSION = YES;
				CLANG_WARN_OBJC_IMPLICIT_RETAIN_SELF = YES;
				CLANG_WARN_OBJC_LITERAL_CONVERSION = YES;
				CLANG_WARN_OBJC_ROOT_CLASS = YES_ERROR;
				CLANG_WARN_QUOTED_INCLUDE_IN_FRAMEWORK_HEADER = YES;
				CLANG_WARN_RANGE_LOOP_ANALYSIS = YES;
				CLANG_WARN_STRICT_PROTOTYPES = YES;
				CLANG_WARN_SUSPICIOUS_MOVE = YES;
				CLANG_WARN_UNGUARDED_AVAILABILITY = YES_AGGRESSIVE;
				CLANG_WARN_UNREACHABLE_CODE = YES;
				CLANG_WARN__DUPLICATE_METHOD_MATCH = YES;
				COPY_PHASE_STRIP = NO;
				DEBUG_INFORMATION_FORMAT = "dwarf-with-dsym";
				ENABLE_NS_ASSERTIONS = NO;
				ENABLE_STRICT_OBJC_MSGSEND = YES;
				GCC_C_LANGUAGE_STANDARD = gnu11;
				GCC_NO_COMMON_BLOCKS = YES;
				GCC_WARN_64_TO_32_BIT_CONVERSION = YES;
				GCC_WARN_ABOUT_RETURN_TYPE = YES_ERROR;
				GCC_WARN_UNDECLARED_SELECTOR = YES;
				GCC_WARN_UNINITIALIZED_AUTOS = YES_AGGRESSIVE;
				GCC_WARN_UNUSED_FUNCTION = YES;
				GCC_WARN_UNUSED_VARIABLE = YES;
				IPHONEOS_DEPLOYMENT_TARGET = 14.5;
				MTL_ENABLE_DEBUG_INFO = NO;
				MTL_FAST_MATH = YES;
				SDKROOT = iphoneos;
				SWIFT_COMPILATION_MODE = wholemodule;
				SWIFT_OPTIMIZATION_LEVEL = "-O";
				VALIDATE_PRODUCT = YES;
			};
			name = Release;
		};
		AD8DCD4926D00F8700A72985 /* Debug */ = {
			isa = XCBuildConfiguration;
			buildSettings = {
				ASSETCATALOG_COMPILER_APPICON_NAME = AppIcon;
				ASSETCATALOG_COMPILER_GLOBAL_ACCENT_COLOR_NAME = AccentColor;
				CODE_SIGN_STYLE = Automatic;
				DEVELOPMENT_ASSET_PATHS = "\"National Parks/Preview Content\"";
				DEVELOPMENT_TEAM = 2ZMZK7FV3K;
				ENABLE_PREVIEWS = YES;
				INFOPLIST_FILE = "National Parks/Info.plist";
				IPHONEOS_DEPLOYMENT_TARGET = 14.0;
				LD_RUNPATH_SEARCH_PATHS = (
					"$(inherited)",
					"@executable_path/Frameworks",
				);
				PRODUCT_BUNDLE_IDENTIFIER = "com.AnthonyPolka.National-Parks";
				PRODUCT_NAME = "$(TARGET_NAME)";
				SWIFT_VERSION = 5.0;
				TARGETED_DEVICE_FAMILY = "1,2";
			};
			name = Debug;
		};
		AD8DCD4A26D00F8700A72985 /* Release */ = {
			isa = XCBuildConfiguration;
			buildSettings = {
				ASSETCATALOG_COMPILER_APPICON_NAME = AppIcon;
				ASSETCATALOG_COMPILER_GLOBAL_ACCENT_COLOR_NAME = AccentColor;
				CODE_SIGN_STYLE = Automatic;
				DEVELOPMENT_ASSET_PATHS = "\"National Parks/Preview Content\"";
				DEVELOPMENT_TEAM = 2ZMZK7FV3K;
				ENABLE_PREVIEWS = YES;
				INFOPLIST_FILE = "National Parks/Info.plist";
				IPHONEOS_DEPLOYMENT_TARGET = 14.0;
				LD_RUNPATH_SEARCH_PATHS = (
					"$(inherited)",
					"@executable_path/Frameworks",
				);
				PRODUCT_BUNDLE_IDENTIFIER = "com.AnthonyPolka.National-Parks";
				PRODUCT_NAME = "$(TARGET_NAME)";
				SWIFT_VERSION = 5.0;
				TARGETED_DEVICE_FAMILY = "1,2";
			};
			name = Release;
		};
/* End XCBuildConfiguration section */

/* Begin XCConfigurationList section */
		AD8DCD3426D00F8600A72985 /* Build configuration list for PBXProject "National Parks" */ = {
			isa = XCConfigurationList;
			buildConfigurations = (
				AD8DCD4626D00F8700A72985 /* Debug */,
				AD8DCD4726D00F8700A72985 /* Release */,
			);
			defaultConfigurationIsVisible = 0;
			defaultConfigurationName = Release;
		};
		AD8DCD4826D00F8700A72985 /* Build configuration list for PBXNativeTarget "National Parks" */ = {
			isa = XCConfigurationList;
			buildConfigurations = (
				AD8DCD4926D00F8700A72985 /* Debug */,
				AD8DCD4A26D00F8700A72985 /* Release */,
			);
			defaultConfigurationIsVisible = 0;
			defaultConfigurationName = Release;
		};
/* End XCConfigurationList section */
	};
	rootObject = AD8DCD3126D00F8600A72985 /* Project object */;
}
